{
    "_readme": [
        "This file locks the dependencies of your project to a known state",
        "Read more about it at https://getcomposer.org/doc/01-basic-usage.md#installing-dependencies",
        "This file is @generated automatically"
    ],
    "content-hash": "889d05e2d92efe3ecc3cd86faeb127e7",
    "packages": [
        {
            "name": "automattic/jetpack-autoloader",
            "version": "v2.11.16",
            "source": {
                "type": "git",
                "url": "https://github.com/Automattic/jetpack-autoloader.git",
                "reference": "43bc969fd90ce3d92e7b75fbf384a5fd03963dad"
            },
            "dist": {
                "type": "zip",
                "url": "https://api.github.com/repos/Automattic/jetpack-autoloader/zipball/43bc969fd90ce3d92e7b75fbf384a5fd03963dad",
                "reference": "43bc969fd90ce3d92e7b75fbf384a5fd03963dad",
                "shasum": ""
            },
            "require": {
                "composer-plugin-api": "^1.1 || ^2.0"
            },
            "require-dev": {
                "automattic/jetpack-changelogger": "^3.3.2",
                "yoast/phpunit-polyfills": "1.0.4"
            },
            "type": "composer-plugin",
            "extra": {
                "autotagger": true,
                "class": "Automattic\\Jetpack\\Autoloader\\CustomAutoloaderPlugin",
                "mirror-repo": "Automattic/jetpack-autoloader",
                "changelogger": {
                    "link-template": "https://github.com/Automattic/jetpack-autoloader/compare/v${old}...v${new}"
                },
                "branch-alias": {
                    "dev-trunk": "2.11.x-dev"
                }
            },
            "autoload": {
                "psr-4": {
                    "Automattic\\Jetpack\\Autoloader\\": "src"
                },
                "classmap": ["src/AutoloadGenerator.php"]
            },
            "notification-url": "https://packagist.org/downloads/",
            "license": ["GPL-2.0-or-later"],
            "description": "Creates a custom autoloader for a plugin or theme.",
            "support": {
                "source": "https://github.com/Automattic/jetpack-autoloader/tree/v2.11.16"
            },
            "time": "2023-02-20T19:47:16+00:00"
        },
        {
            "name": "cardanopress/framework",
            "version": "v2.3.1",
            "source": {
                "type": "git",
                "url": "https://github.com/CardanoPress/framework.git",
                "reference": "e160b780bdd43e07603c739f727cf43433936524"
            },
            "dist": {
                "type": "zip",
                "url": "https://api.github.com/repos/CardanoPress/framework/zipball/e160b780bdd43e07603c739f727cf43433936524",
                "reference": "e160b780bdd43e07603c739f727cf43433936524",
                "shasum": ""
            },
            "require": {
                "ext-json": "*",
                "php": "^7.4|^8.0"
            },
            "require-dev": {
                "themeplate/tester": "^2.1"
            },
            "type": "library",
            "autoload": {
                "files": ["dependencies/compatibility.php"],
                "psr-4": {
                    "CardanoPress\\": "src/",
                    "CardanoPress\\Dependencies\\": "dependencies/"
                }
            },
            "notification-url": "https://packagist.org/downloads/",
            "license": ["GPL-2.0-only"],
            "authors": [
                {
                    "name": "Gene Alyson Fortunado Torcende",
                    "email": "mail@pbwebdev.com",
                    "homepage": "https://pbwebdev.com"
                }
            ],
            "description": "A ThemePlate project for Cardano WordPress integration",
            "keywords": ["cardano", "cardanopress", "generator-themeplate", "themeplate", "wordpress"],
            "support": {
                "issues": "https://github.com/CardanoPress/framework/issues",
                "source": "https://github.com/CardanoPress/framework/tree/v2.3.1"
            },
            "time": "2023-05-02T08:49:50+00:00"
        },
        {
            "name": "league/csv",
            "version": "9.8.0",
            "source": {
                "type": "git",
                "url": "https://github.com/thephpleague/csv.git",
                "reference": "9d2e0265c5d90f5dd601bc65ff717e05cec19b47"
            },
            "dist": {
                "type": "zip",
                "url": "https://api.github.com/repos/thephpleague/csv/zipball/9d2e0265c5d90f5dd601bc65ff717e05cec19b47",
                "reference": "9d2e0265c5d90f5dd601bc65ff717e05cec19b47",
                "shasum": ""
            },
            "require": {
                "ext-json": "*",
                "ext-mbstring": "*",
                "php": "^7.4 || ^8.0"
            },
            "require-dev": {
                "ext-curl": "*",
                "ext-dom": "*",
                "friendsofphp/php-cs-fixer": "^v3.4.0",
                "phpstan/phpstan": "^1.3.0",
                "phpstan/phpstan-phpunit": "^1.0.0",
                "phpstan/phpstan-strict-rules": "^1.1.0",
                "phpunit/phpunit": "^9.5.11"
            },
            "suggest": {
                "ext-dom": "Required to use the XMLConverter and or the HTMLConverter classes",
                "ext-iconv": "Needed to ease transcoding CSV using iconv stream filters"
            },
            "type": "library",
            "extra": {
                "branch-alias": {
                    "dev-master": "9.x-dev"
                }
            },
            "autoload": {
                "files": ["src/functions_include.php"],
                "psr-4": {
                    "League\\Csv\\": "src"
                }
            },
            "notification-url": "https://packagist.org/downloads/",
            "license": ["MIT"],
            "authors": [
                {
                    "name": "Ignace Nyamagana Butera",
                    "email": "nyamsprod@gmail.com",
                    "homepage": "https://github.com/nyamsprod/",
                    "role": "Developer"
                }
            ],
            "description": "CSV data manipulation made easy in PHP",
            "homepage": "https://csv.thephpleague.com",
            "keywords": ["convert", "csv", "export", "filter", "import", "read", "transform", "write"],
            "support": {
                "docs": "https://csv.thephpleague.com",
                "issues": "https://github.com/thephpleague/csv/issues",
                "rss": "https://github.com/thephpleague/csv/releases.atom",
                "source": "https://github.com/thephpleague/csv"
            },
            "funding": [
                {
                    "url": "https://github.com/sponsors/nyamsprod",
                    "type": "github"
                }
            ],
            "time": "2024-03-07T05:32:42+00:00"
        }
    ],
    "packages-dev": [],
    "aliases": [],
    "minimum-stability": "stable",
    "stability-flags": [],
    "prefer-stable": true,
    "prefer-lowest": false,
    "platform": {
        "php": "^7.4|^8.0",
        "ext-json": "*"
    },
    "platform-dev": [],
    "plugin-api-version": "2.6.0"
}
